
Microsoft Visual Studio Solution File, Format Version 12.00
# Visual Studio Version 17
VisualStudioVersion = 17.10.34928.147
MinimumVisualStudioVersion = 10.0.40219.1
Project("{FAE04EC0-301F-11D3-BF4B-00C04F79EFBC}") = "CarRental.Api", "CarRental.Api\CarRental.Api.csproj", "{0A4DE5B2-4BBF-43A5-91D8-3F732C82EC9B}"
EndProject
Project("{FAE04EC0-301F-11D3-BF4B-00C04F79EFBC}") = "CarRental.Core", "CarRental.Core\CarRental.Core.csproj", "{FC11B28D-3841-44F5-A8CD-4D7335993011}"
EndProject
Project("{FAE04EC0-301F-11D3-BF4B-00C04F79EFBC}") = "CarRental.Data", "CarRental.Data\CarRental.Data.csproj", "{328620CE-9966-454B-A07C-DC2D697E4DF3}"
EndProject
Project("{FAE04EC0-301F-11D3-BF4B-00C04F79EFBC}") = "CarRental.Infarastructure", "CarRental.Infarastructure\CarRental.Infarastructure.csproj", "{AD2FC730-9F96-474A-B316-35223BF3E835}"
EndProject
Project("{FAE04EC0-301F-11D3-BF4B-00C04F79EFBC}") = "CarRental.Service", "CarRental.Service\CarRental.Service.csproj", "{98D08801-A68C-45AB-B246-773B14C9B533}"
EndProject
Global
	GlobalSection(SolutionConfigurationPlatforms) = preSolution
		Debug|Any CPU = Debug|Any CPU
		Release|Any CPU = Release|Any CPU
	EndGlobalSection
	GlobalSection(ProjectConfigurationPlatforms) = postSolution
		{0A4DE5B2-4BBF-43A5-91D8-3F732C82EC9B}.Debug|Any CPU.ActiveCfg = Debug|Any CPU
		{0A4DE5B2-4BBF-43A5-91D8-3F732C82EC9B}.Debug|Any CPU.Build.0 = Debug|Any CPU
		{0A4DE5B2-4BBF-43A5-91D8-3F732C82EC9B}.Release|Any CPU.ActiveCfg = Release|Any CPU
		{0A4DE5B2-4BBF-43A5-91D8-3F732C82EC9B}.Release|Any CPU.Build.0 = Release|Any CPU
		{FC11B28D-3841-44F5-A8CD-4D7335993011}.Debug|Any CPU.ActiveCfg = Debug|Any CPU
		{FC11B28D-3841-44F5-A8CD-4D7335993011}.Debug|Any CPU.Build.0 = Debug|Any CPU
		{FC11B28D-3841-44F5-A8CD-4D7335993011}.Release|Any CPU.ActiveCfg = Release|Any CPU
		{FC11B28D-3841-44F5-A8CD-4D7335993011}.Release|Any CPU.Build.0 = Release|Any CPU
		{328620CE-9966-454B-A07C-DC2D697E4DF3}.Debug|Any CPU.ActiveCfg = Debug|Any CPU
		{328620CE-9966-454B-A07C-DC2D697E4DF3}.Debug|Any CPU.Build.0 = Debug|Any CPU
		{328620CE-9966-454B-A07C-DC2D697E4DF3}.Release|Any CPU.ActiveCfg = Release|Any CPU
		{328620CE-9966-454B-A07C-DC2D697E4DF3}.Release|Any CPU.Build.0 = Release|Any CPU
		{AD2FC730-9F96-474A-B316-35223BF3E835}.Debug|Any CPU.ActiveCfg = Debug|Any CPU
		{AD2FC730-9F96-474A-B316-35223BF3E835}.Debug|Any CPU.Build.0 = Debug|Any CPU
		{AD2FC730-9F96-474A-B316-35223BF3E835}.Release|Any CPU.ActiveCfg = Release|Any CPU
		{AD2FC730-9F96-474A-B316-35223BF3E835}.Release|Any CPU.Build.0 = Release|Any CPU
		{98D08801-A68C-45AB-B246-773B14C9B533}.Debug|Any CPU.ActiveCfg = Debug|Any CPU
		{98D08801-A68C-45AB-B246-773B14C9B533}.Debug|Any CPU.Build.0 = Debug|Any CPU
		{98D08801-A68C-45AB-B246-773B14C9B533}.Release|Any CPU.ActiveCfg = Release|Any CPU
		{98D08801-A68C-45AB-B246-773B14C9B533}.Release|Any CPU.Build.0 = Release|Any CPU
	EndGlobalSection
	GlobalSection(SolutionProperties) = preSolution
		HideSolutionNode = FALSE
	EndGlobalSection
	GlobalSection(ExtensibilityGlobals) = postSolution
		SolutionGuid = {2452302F-D70C-41CC-B190-5A0AB53DD31D}
	EndGlobalSection
EndGlobal
